github.com/danielfdickinson/image-handling-mod-hugo-dfd v0.8.0-beta.2 h1:Q9cD/SS24FrkbJygVyZg/XtI8uNvER/WK3xEp8Fvkj8=
github.com/danielfdickinson/image-handling-mod-hugo-dfd v0.8.0-beta.2/go.mod h1:h+vNqbDFVmrcnlUq1GsWtKS3HWw7wLDqM1PahGQjSOY=
github.com/wildtechgarden/minimal-test-theme-hugo-wtg v0.5.5 h1:shuNeXytlk7MLuVPzme5weM/WKlsGO8u0CE4oIVNo/U=
github.com/wildtechgarden/minimal-test-theme-hugo-wtg v0.5.5/go.mod h1:tcT4l0IHX8ifetQ3k/DQT3dqBeavIN6u/efkl7YCBlU=
